
Microsoft Visual Studio Solution File, Format Version 12.00
# Visual Studio 15
VisualStudioVersion = 15.0.28307.329
MinimumVisualStudioVersion = 10.0.40219.1
Project("{FAE04EC0-301F-11D3-BF4B-00C04F79EFBC}") = "Logger", "Logger\Logger.csproj", "{FB23BEFE-8273-422C-AB30-B864B999A8E5}"
EndProject
Global
	GlobalSection(SolutionConfigurationPlatforms) = preSolution
		Debug|Any CPU = Debug|Any CPU
		Release|Any CPU = Release|Any CPU
	EndGlobalSection
	GlobalSection(ProjectConfigurationPlatforms) = postSolution
		{FB23BEFE-8273-422C-AB30-B864B999A8E5}.Debug|Any CPU.ActiveCfg = Debug|Any CPU
		{FB23BEFE-8273-422C-AB30-B864B999A8E5}.Debug|Any CPU.Build.0 = Debug|Any CPU
		{FB23BEFE-8273-422C-AB30-B864B999A8E5}.Release|Any CPU.ActiveCfg = Release|Any CPU
		{FB23BEFE-8273-422C-AB30-B864B999A8E5}.Release|Any CPU.Build.0 = Release|Any CPU
	EndGlobalSection
	GlobalSection(SolutionProperties) = preSolution
		HideSolutionNode = FALSE
	EndGlobalSection
	GlobalSection(ExtensibilityGlobals) = postSolution
		SolutionGuid = {483E94ED-6CA1-45AB-8A4B-04831D3017FA}
	EndGlobalSection
EndGlobal
